
Microsoft Visual Studio Solution File, Format Version 12.00
# Visual Studio Version 17
VisualStudioVersion = 17.9.34728.123
MinimumVisualStudioVersion = 10.0.40219.1
Project("{FAE04EC0-301F-11D3-BF4B-00C04F79EFBC}") = "petShop", "petShop\petShop.csproj", "{4ABEF4D1-7A8C-47E8-8CFD-11A910DD9286}"
EndProject
Global
	GlobalSection(SolutionConfigurationPlatforms) = preSolution
		Debug|Any CPU = Debug|Any CPU
		Release|Any CPU = Release|Any CPU
	EndGlobalSection
	GlobalSection(ProjectConfigurationPlatforms) = postSolution
		{4ABEF4D1-7A8C-47E8-8CFD-11A910DD9286}.Debug|Any CPU.ActiveCfg = Debug|Any CPU
		{4ABEF4D1-7A8C-47E8-8CFD-11A910DD9286}.Debug|Any CPU.Build.0 = Debug|Any CPU
		{4ABEF4D1-7A8C-47E8-8CFD-11A910DD9286}.Release|Any CPU.ActiveCfg = Release|Any CPU
		{4ABEF4D1-7A8C-47E8-8CFD-11A910DD9286}.Release|Any CPU.Build.0 = Release|Any CPU
	EndGlobalSection
	GlobalSection(SolutionProperties) = preSolution
		HideSolutionNode = FALSE
	EndGlobalSection
	GlobalSection(ExtensibilityGlobals) = postSolution
		SolutionGuid = {46868D63-1F10-420C-B472-47C0C74FF20F}
	EndGlobalSection
EndGlobal
